{
  "name": "asbundle",
  "version": "0.0.0",
  "lockfileVersion": 1,
  "requires": true,
  "dependencies": {
    "cherow": {
      "version": "0.9.1",
      "resolved": "https://registry.npmjs.org/cherow/-/cherow-0.9.1.tgz",
      "integrity": "sha512-WW798TfTvmGLBvU+4q4zKwXqtO2TbX/xD+0/nEE0bjX4cLO/J4qy0P+4zuc3uY3c1vLQQHzhbsLcP5xXAPScBg=="
    }
  }
}
